<?xml version="1.0" encoding="utf-8"?>
<Project ToolsVersion="4.0" xmlns="http://schemas.microsoft.com/developer/msbuild/2003">
  <ItemGroup>
    <Filter Include="Source Files">
      <UniqueIdentifier>{4FC737F1-C7A5-4376-A066-2A32D752A2FF}</UniqueIdentifier>
      <Extensions>cpp;c;cc;cxx;def;odl;idl;hpj;bat;asm;asmx</Extensions>
    </Filter>
    <Filter Include="Header Files">
      <UniqueIdentifier>{93995380-89BD-4b04-88EB-625FBE52EBFB}</UniqueIdentifier>
      <Extensions>h;hh;hpp;hxx;hm;inl;inc;xsd</Extensions>
    </Filter>
    <Filter Include="Resource Files">
      <UniqueIdentifier>{67DA6AB6-F800-4c08-8B7A-83BB121AAD01}</UniqueIdentifier>
      <Extensions>rc;ico;cur;bmp;dlg;rc2;rct;bin;rgs;gif;jpg;jpeg;jpe;resx;tiff;tif;png;wav</Extensions>
    </Filter>
  </ItemGroup>
  <ItemGroup>
    <ClCompile Include="src\demo.cpp">
      <Filter>Source Files</Filter>
    </ClCompile>
    <ClCompile Include="src\shader.cpp">
      <Filter>Source Files</Filter>
    </ClCompile>
    <ClCompile Include="src\objloader.cpp">
      <Filter>Source Files</Filter>
    </ClCompile>
    <ClCompile Include="src\controls.cpp">
      <Filter>Source Files</Filter>
    </ClCompile>
    <ClCompile Include="src\vboindexer.cpp">
      <Filter>Source Files</Filter>
    </ClCompile>
    <ClCompile Include="src\mesh.cpp">
      <Filter>Source Files</Filter>
    </ClCompile>
    <ClCompile Include="dependencies\JSON\jsoncpp.cpp">
      <Filter>Source Files</Filter>
    </ClCompile>
    <ClCompile Include="src\utils.cpp">
      <Filter>Source Files</Filter>
    </ClCompile>
    <ClCompile Include="src\cubemap.cpp">
      <Filter>Source Files</Filter>
    </ClCompile>
  </ItemGroup>
  <ItemGroup>
    <None Include=".gitignore" />
    <None Include="assets\textures\desert_diffuse.tx" />
    <None Include="assets\shader\SimpleFragmentShader.frag" />
    <None Include="assets\shader\SimpleVertexShader.vert" />
    <None Include="assets\shader\StandardShading.frag" />
    <None Include="assets\shader\StandardShading.vert" />
    <None Include="assets\shader\Test.frag" />
    <None Include="Readme.md" />
    <None Include="assets\shader\CubemapShader.vert" />
    <None Include="assets\shader\CubemapShader.frag" />
  </ItemGroup>
  <ItemGroup>
    <ClInclude Include="src\shader.hpp">
      <Filter>Header Files</Filter>
    </ClInclude>
    <ClInclude Include="src\objloader.hpp">
      <Filter>Header Files</Filter>
    </ClInclude>
    <ClInclude Include="src\controls.hpp">
      <Filter>Header Files</Filter>
    </ClInclude>
    <ClInclude Include="src\vboindexer.hpp">
      <Filter>Header Files</Filter>
    </ClInclude>
    <ClInclude Include="src\mesh.hpp">
      <Filter>Header Files</Filter>
    </ClInclude>
    <ClInclude Include="src\utils.hpp">
      <Filter>Header Files</Filter>
    </ClInclude>
    <ClInclude Include="src\cubemap.hpp">
      <Filter>Header Files</Filter>
    </ClInclude>
  </ItemGroup>
  <ItemGroup>
    <Image Include="assets\textures\uvmap.DDS" />
    <Image Include="assets\textures\desert_hight.png">
      <Filter>Resource Files</Filter>
    </Image>
    <Image Include="assets\textures\desert_diffuse.png">
      <Filter>Resource Files</Filter>
    </Image>
    <Image Include="assets\textures\desert_flows.png">
      <Filter>Resource Files</Filter>
    </Image>
    <Image Include="assets\textures\cubemap\nx.png">
      <Filter>Resource Files</Filter>
    </Image>
    <Image Include="assets\textures\cubemap\ny.png">
      <Filter>Resource Files</Filter>
    </Image>
    <Image Include="assets\textures\cubemap\nz.png">
      <Filter>Resource Files</Filter>
    </Image>
    <Image Include="assets\textures\cubemap\px.png">
      <Filter>Resource Files</Filter>
    </Image>
    <Image Include="assets\textures\cubemap\py.png">
      <Filter>Resource Files</Filter>
    </Image>
    <Image Include="assets\textures\cubemap\pz.png">
      <Filter>Resource Files</Filter>
    </Image>
    <Image Include="assets\textures\desert_diffuse.bmp">
      <Filter>Resource Files</Filter>
    </Image>
    <Image Include="assets\textures\cactus_albedo.png">
      <Filter>Resource Files</Filter>
    </Image>
    <Image Include="assets\textures\cactus_normal.png">
      <Filter>Resource Files</Filter>
    </Image>
  </ItemGroup>
</Project>