
Microsoft Visual Studio Solution File, Format Version 12.00
# Visual Studio Version 16
VisualStudioVersion = 16.0.30503.244
MinimumVisualStudioVersion = 10.0.40219.1
Project("{8BC9CEB8-8B4A-11D0-8D11-00A0C91BC942}") = "ezg20-ants", "ezg20-ants.vcxproj", "{734E0531-A18D-4A97-B7F6-A067EB731477}"
EndProject
Global
	GlobalSection(SolutionConfigurationPlatforms) = preSolution
		Debug|x64 = Debug|x64
		Debug|x86 = Debug|x86
		Release|x64 = Release|x64
		Release|x86 = Release|x86
	EndGlobalSection
	GlobalSection(ProjectConfigurationPlatforms) = postSolution
		{734E0531-A18D-4A97-B7F6-A067EB731477}.Debug|x64.ActiveCfg = Debug|x64
		{734E0531-A18D-4A97-B7F6-A067EB731477}.Debug|x64.Build.0 = Debug|x64
		{734E0531-A18D-4A97-B7F6-A067EB731477}.Debug|x86.ActiveCfg = Debug|Win32
		{734E0531-A18D-4A97-B7F6-A067EB731477}.Debug|x86.Build.0 = Debug|Win32
		{734E0531-A18D-4A97-B7F6-A067EB731477}.Release|x64.ActiveCfg = Release|x64
		{734E0531-A18D-4A97-B7F6-A067EB731477}.Release|x64.Build.0 = Release|x64
		{734E0531-A18D-4A97-B7F6-A067EB731477}.Release|x86.ActiveCfg = Release|Win32
		{734E0531-A18D-4A97-B7F6-A067EB731477}.Release|x86.Build.0 = Release|Win32
	EndGlobalSection
	GlobalSection(SolutionProperties) = preSolution
		HideSolutionNode = FALSE
	EndGlobalSection
	GlobalSection(ExtensibilityGlobals) = postSolution
		SolutionGuid = {E7FB8594-854A-42DE-B531-B6352EB4C749}
	EndGlobalSection
EndGlobal
